
Microsoft Visual Studio Solution File, Format Version 12.00
# Visual Studio 15
VisualStudioVersion = 15.0.28307.1062
MinimumVisualStudioVersion = 10.0.40219.1
Project("{FAE04EC0-301F-11D3-BF4B-00C04F79EFBC}") = "Projekt_NBA.Android", "Projekt_NBA\Projekt_NBA.Android\Projekt_NBA.Android.csproj", "{5AE22818-84AC-4117-8923-E70D38D2ABDA}"
EndProject
Project("{FAE04EC0-301F-11D3-BF4B-00C04F79EFBC}") = "Projekt_NBA.iOS", "Projekt_NBA\Projekt_NBA.iOS\Projekt_NBA.iOS.csproj", "{6B66028E-D6E0-4412-873B-E9C8061159D7}"
EndProject
Project("{FAE04EC0-301F-11D3-BF4B-00C04F79EFBC}") = "Projekt_NBA", "Projekt_NBA\Projekt_NBA\Projekt_NBA.csproj", "{3D2775D5-1CBE-4A94-9929-346C0BF48EAF}"
EndProject
Global
	GlobalSection(SolutionConfigurationPlatforms) = preSolution
		Ad-Hoc|Any CPU = Ad-Hoc|Any CPU
		Ad-Hoc|iPhone = Ad-Hoc|iPhone
		Ad-Hoc|iPhoneSimulator = Ad-Hoc|iPhoneSimulator
		AppStore|Any CPU = AppStore|Any CPU
		AppStore|iPhone = AppStore|iPhone
		AppStore|iPhoneSimulator = AppStore|iPhoneSimulator
		Debug|Any CPU = Debug|Any CPU
		Debug|iPhone = Debug|iPhone
		Debug|iPhoneSimulator = Debug|iPhoneSimulator
		Release|Any CPU = Release|Any CPU
		Release|iPhone = Release|iPhone
		Release|iPhoneSimulator = Release|iPhoneSimulator
	EndGlobalSection
	GlobalSection(ProjectConfigurationPlatforms) = postSolution
		{5AE22818-84AC-4117-8923-E70D38D2ABDA}.Ad-Hoc|Any CPU.ActiveCfg = Release|Any CPU
		{5AE22818-84AC-4117-8923-E70D38D2ABDA}.Ad-Hoc|Any CPU.Build.0 = Release|Any CPU
		{5AE22818-84AC-4117-8923-E70D38D2ABDA}.Ad-Hoc|Any CPU.Deploy.0 = Release|Any CPU
		{5AE22818-84AC-4117-8923-E70D38D2ABDA}.Ad-Hoc|iPhone.ActiveCfg = Release|Any CPU
		{5AE22818-84AC-4117-8923-E70D38D2ABDA}.Ad-Hoc|iPhone.Build.0 = Release|Any CPU
		{5AE22818-84AC-4117-8923-E70D38D2ABDA}.Ad-Hoc|iPhone.Deploy.0 = Release|Any CPU
		{5AE22818-84AC-4117-8923-E70D38D2ABDA}.Ad-Hoc|iPhoneSimulator.ActiveCfg = Release|Any CPU
		{5AE22818-84AC-4117-8923-E70D38D2ABDA}.Ad-Hoc|iPhoneSimulator.Build.0 = Release|Any CPU
		{5AE22818-84AC-4117-8923-E70D38D2ABDA}.Ad-Hoc|iPhoneSimulator.Deploy.0 = Release|Any CPU
		{5AE22818-84AC-4117-8923-E70D38D2ABDA}.AppStore|Any CPU.ActiveCfg = Release|Any CPU
		{5AE22818-84AC-4117-8923-E70D38D2ABDA}.AppStore|Any CPU.Build.0 = Release|Any CPU
		{5AE22818-84AC-4117-8923-E70D38D2ABDA}.AppStore|Any CPU.Deploy.0 = Release|Any CPU
		{5AE22818-84AC-4117-8923-E70D38D2ABDA}.AppStore|iPhone.ActiveCfg = Release|Any CPU
		{5AE22818-84AC-4117-8923-E70D38D2ABDA}.AppStore|iPhone.Build.0 = Release|Any CPU
		{5AE22818-84AC-4117-8923-E70D38D2ABDA}.AppStore|iPhone.Deploy.0 = Release|Any CPU
		{5AE22818-84AC-4117-8923-E70D38D2ABDA}.AppStore|iPhoneSimulator.ActiveCfg = Release|Any CPU
		{5AE22818-84AC-4117-8923-E70D38D2ABDA}.AppStore|iPhoneSimulator.Build.0 = Release|Any CPU
		{5AE22818-84AC-4117-8923-E70D38D2ABDA}.AppStore|iPhoneSimulator.Deploy.0 = Release|Any CPU
		{5AE22818-84AC-4117-8923-E70D38D2ABDA}.Debug|Any CPU.ActiveCfg = Debug|Any CPU
		{5AE22818-84AC-4117-8923-E70D38D2ABDA}.Debug|Any CPU.Build.0 = Debug|Any CPU
		{5AE22818-84AC-4117-8923-E70D38D2ABDA}.Debug|Any CPU.Deploy.0 = Debug|Any CPU
		{5AE22818-84AC-4117-8923-E70D38D2ABDA}.Debug|iPhone.ActiveCfg = Debug|Any CPU
		{5AE22818-84AC-4117-8923-E70D38D2ABDA}.Debug|iPhone.Build.0 = Debug|Any CPU
		{5AE22818-84AC-4117-8923-E70D38D2ABDA}.Debug|iPhone.Deploy.0 = Debug|Any CPU
		{5AE22818-84AC-4117-8923-E70D38D2ABDA}.Debug|iPhoneSimulator.ActiveCfg = Debug|Any CPU
		{5AE22818-84AC-4117-8923-E70D38D2ABDA}.Debug|iPhoneSimulator.Build.0 = Debug|Any CPU
		{5AE22818-84AC-4117-8923-E70D38D2ABDA}.Debug|iPhoneSimulator.Deploy.0 = Debug|Any CPU
		{5AE22818-84AC-4117-8923-E70D38D2ABDA}.Release|Any CPU.ActiveCfg = Release|Any CPU
		{5AE22818-84AC-4117-8923-E70D38D2ABDA}.Release|Any CPU.Build.0 = Release|Any CPU
		{5AE22818-84AC-4117-8923-E70D38D2ABDA}.Release|Any CPU.Deploy.0 = Release|Any CPU
		{5AE22818-84AC-4117-8923-E70D38D2ABDA}.Release|iPhone.ActiveCfg = Release|Any CPU
		{5AE22818-84AC-4117-8923-E70D38D2ABDA}.Release|iPhone.Build.0 = Release|Any CPU
		{5AE22818-84AC-4117-8923-E70D38D2ABDA}.Release|iPhone.Deploy.0 = Release|Any CPU
		{5AE22818-84AC-4117-8923-E70D38D2ABDA}.Release|iPhoneSimulator.ActiveCfg = Release|Any CPU
		{5AE22818-84AC-4117-8923-E70D38D2ABDA}.Release|iPhoneSimulator.Build.0 = Release|Any CPU
		{5AE22818-84AC-4117-8923-E70D38D2ABDA}.Release|iPhoneSimulator.Deploy.0 = Release|Any CPU
		{6B66028E-D6E0-4412-873B-E9C8061159D7}.Ad-Hoc|Any CPU.ActiveCfg = Ad-Hoc|iPhone
		{6B66028E-D6E0-4412-873B-E9C8061159D7}.Ad-Hoc|Any CPU.Build.0 = Ad-Hoc|iPhone
		{6B66028E-D6E0-4412-873B-E9C8061159D7}.Ad-Hoc|Any CPU.Deploy.0 = Ad-Hoc|iPhone
		{6B66028E-D6E0-4412-873B-E9C8061159D7}.Ad-Hoc|iPhone.ActiveCfg = Ad-Hoc|iPhone
		{6B66028E-D6E0-4412-873B-E9C8061159D7}.Ad-Hoc|iPhone.Build.0 = Ad-Hoc|iPhone
		{6B66028E-D6E0-4412-873B-E9C8061159D7}.Ad-Hoc|iPhone.Deploy.0 = Ad-Hoc|iPhone
		{6B66028E-D6E0-4412-873B-E9C8061159D7}.Ad-Hoc|iPhoneSimulator.ActiveCfg = Ad-Hoc|iPhoneSimulator
		{6B66028E-D6E0-4412-873B-E9C8061159D7}.Ad-Hoc|iPhoneSimulator.Build.0 = Ad-Hoc|iPhoneSimulator
		{6B66028E-D6E0-4412-873B-E9C8061159D7}.Ad-Hoc|iPhoneSimulator.Deploy.0 = Ad-Hoc|iPhoneSimulator
		{6B66028E-D6E0-4412-873B-E9C8061159D7}.AppStore|Any CPU.ActiveCfg = AppStore|iPhone
		{6B66028E-D6E0-4412-873B-E9C8061159D7}.AppStore|Any CPU.Build.0 = AppStore|iPhone
		{6B66028E-D6E0-4412-873B-E9C8061159D7}.AppStore|Any CPU.Deploy.0 = AppStore|iPhone
		{6B66028E-D6E0-4412-873B-E9C8061159D7}.AppStore|iPhone.ActiveCfg = AppStore|iPhone
		{6B66028E-D6E0-4412-873B-E9C8061159D7}.AppStore|iPhone.Build.0 = AppStore|iPhone
		{6B66028E-D6E0-4412-873B-E9C8061159D7}.AppStore|iPhone.Deploy.0 = AppStore|iPhone
		{6B66028E-D6E0-4412-873B-E9C8061159D7}.AppStore|iPhoneSimulator.ActiveCfg = AppStore|iPhoneSimulator
		{6B66028E-D6E0-4412-873B-E9C8061159D7}.AppStore|iPhoneSimulator.Build.0 = AppStore|iPhoneSimulator
		{6B66028E-D6E0-4412-873B-E9C8061159D7}.AppStore|iPhoneSimulator.Deploy.0 = AppStore|iPhoneSimulator
		{6B66028E-D6E0-4412-873B-E9C8061159D7}.Debug|Any CPU.ActiveCfg = Debug|iPhoneSimulator
		{6B66028E-D6E0-4412-873B-E9C8061159D7}.Debug|Any CPU.Build.0 = Debug|iPhoneSimulator
		{6B66028E-D6E0-4412-873B-E9C8061159D7}.Debug|Any CPU.Deploy.0 = Debug|iPhoneSimulator
		{6B66028E-D6E0-4412-873B-E9C8061159D7}.Debug|iPhone.ActiveCfg = Debug|iPhone
		{6B66028E-D6E0-4412-873B-E9C8061159D7}.Debug|iPhone.Build.0 = Debug|iPhone
		{6B66028E-D6E0-4412-873B-E9C8061159D7}.Debug|iPhone.Deploy.0 = Debug|iPhone
		{6B66028E-D6E0-4412-873B-E9C8061159D7}.Debug|iPhoneSimulator.ActiveCfg = Debug|iPhoneSimulator
		{6B66028E-D6E0-4412-873B-E9C8061159D7}.Debug|iPhoneSimulator.Build.0 = Debug|iPhoneSimulator
		{6B66028E-D6E0-4412-873B-E9C8061159D7}.Debug|iPhoneSimulator.Deploy.0 = Debug|iPhoneSimulator
		{6B66028E-D6E0-4412-873B-E9C8061159D7}.Release|Any CPU.ActiveCfg = Release|iPhone
		{6B66028E-D6E0-4412-873B-E9C8061159D7}.Release|Any CPU.Build.0 = Release|iPhone
		{6B66028E-D6E0-4412-873B-E9C8061159D7}.Release|Any CPU.Deploy.0 = Release|iPhone
		{6B66028E-D6E0-4412-873B-E9C8061159D7}.Release|iPhone.ActiveCfg = Release|iPhone
		{6B66028E-D6E0-4412-873B-E9C8061159D7}.Release|iPhone.Build.0 = Release|iPhone
		{6B66028E-D6E0-4412-873B-E9C8061159D7}.Release|iPhone.Deploy.0 = Release|iPhone
		{6B66028E-D6E0-4412-873B-E9C8061159D7}.Release|iPhoneSimulator.ActiveCfg = Release|iPhoneSimulator
		{6B66028E-D6E0-4412-873B-E9C8061159D7}.Release|iPhoneSimulator.Build.0 = Release|iPhoneSimulator
		{6B66028E-D6E0-4412-873B-E9C8061159D7}.Release|iPhoneSimulator.Deploy.0 = Release|iPhoneSimulator
		{3D2775D5-1CBE-4A94-9929-346C0BF48EAF}.Ad-Hoc|Any CPU.ActiveCfg = Debug|Any CPU
		{3D2775D5-1CBE-4A94-9929-346C0BF48EAF}.Ad-Hoc|Any CPU.Build.0 = Debug|Any CPU
		{3D2775D5-1CBE-4A94-9929-346C0BF48EAF}.Ad-Hoc|Any CPU.Deploy.0 = Debug|Any CPU
		{3D2775D5-1CBE-4A94-9929-346C0BF48EAF}.Ad-Hoc|iPhone.ActiveCfg = Debug|Any CPU
		{3D2775D5-1CBE-4A94-9929-346C0BF48EAF}.Ad-Hoc|iPhone.Build.0 = Debug|Any CPU
		{3D2775D5-1CBE-4A94-9929-346C0BF48EAF}.Ad-Hoc|iPhone.Deploy.0 = Debug|Any CPU
		{3D2775D5-1CBE-4A94-9929-346C0BF48EAF}.Ad-Hoc|iPhoneSimulator.ActiveCfg = Debug|Any CPU
		{3D2775D5-1CBE-4A94-9929-346C0BF48EAF}.Ad-Hoc|iPhoneSimulator.Build.0 = Debug|Any CPU
		{3D2775D5-1CBE-4A94-9929-346C0BF48EAF}.Ad-Hoc|iPhoneSimulator.Deploy.0 = Debug|Any CPU
		{3D2775D5-1CBE-4A94-9929-346C0BF48EAF}.AppStore|Any CPU.ActiveCfg = Debug|Any CPU
		{3D2775D5-1CBE-4A94-9929-346C0BF48EAF}.AppStore|Any CPU.Build.0 = Debug|Any CPU
		{3D2775D5-1CBE-4A94-9929-346C0BF48EAF}.AppStore|Any CPU.Deploy.0 = Debug|Any CPU
		{3D2775D5-1CBE-4A94-9929-346C0BF48EAF}.AppStore|iPhone.ActiveCfg = Debug|Any CPU
		{3D2775D5-1CBE-4A94-9929-346C0BF48EAF}.AppStore|iPhone.Build.0 = Debug|Any CPU
		{3D2775D5-1CBE-4A94-9929-346C0BF48EAF}.AppStore|iPhone.Deploy.0 = Debug|Any CPU
		{3D2775D5-1CBE-4A94-9929-346C0BF48EAF}.AppStore|iPhoneSimulator.ActiveCfg = Debug|Any CPU
		{3D2775D5-1CBE-4A94-9929-346C0BF48EAF}.AppStore|iPhoneSimulator.Build.0 = Debug|Any CPU
		{3D2775D5-1CBE-4A94-9929-346C0BF48EAF}.AppStore|iPhoneSimulator.Deploy.0 = Debug|Any CPU
		{3D2775D5-1CBE-4A94-9929-346C0BF48EAF}.Debug|Any CPU.ActiveCfg = Debug|Any CPU
		{3D2775D5-1CBE-4A94-9929-346C0BF48EAF}.Debug|Any CPU.Build.0 = Debug|Any CPU
		{3D2775D5-1CBE-4A94-9929-346C0BF48EAF}.Debug|Any CPU.Deploy.0 = Debug|Any CPU
		{3D2775D5-1CBE-4A94-9929-346C0BF48EAF}.Debug|iPhone.ActiveCfg = Debug|Any CPU
		{3D2775D5-1CBE-4A94-9929-346C0BF48EAF}.Debug|iPhone.Build.0 = Debug|Any CPU
		{3D2775D5-1CBE-4A94-9929-346C0BF48EAF}.Debug|iPhone.Deploy.0 = Debug|Any CPU
		{3D2775D5-1CBE-4A94-9929-346C0BF48EAF}.Debug|iPhoneSimulator.ActiveCfg = Debug|Any CPU
		{3D2775D5-1CBE-4A94-9929-346C0BF48EAF}.Debug|iPhoneSimulator.Build.0 = Debug|Any CPU
		{3D2775D5-1CBE-4A94-9929-346C0BF48EAF}.Debug|iPhoneSimulator.Deploy.0 = Debug|Any CPU
		{3D2775D5-1CBE-4A94-9929-346C0BF48EAF}.Release|Any CPU.ActiveCfg = Release|Any CPU
		{3D2775D5-1CBE-4A94-9929-346C0BF48EAF}.Release|Any CPU.Build.0 = Release|Any CPU
		{3D2775D5-1CBE-4A94-9929-346C0BF48EAF}.Release|Any CPU.Deploy.0 = Release|Any CPU
		{3D2775D5-1CBE-4A94-9929-346C0BF48EAF}.Release|iPhone.ActiveCfg = Release|Any CPU
		{3D2775D5-1CBE-4A94-9929-346C0BF48EAF}.Release|iPhone.Build.0 = Release|Any CPU
		{3D2775D5-1CBE-4A94-9929-346C0BF48EAF}.Release|iPhone.Deploy.0 = Release|Any CPU
		{3D2775D5-1CBE-4A94-9929-346C0BF48EAF}.Release|iPhoneSimulator.ActiveCfg = Release|Any CPU
		{3D2775D5-1CBE-4A94-9929-346C0BF48EAF}.Release|iPhoneSimulator.Build.0 = Release|Any CPU
		{3D2775D5-1CBE-4A94-9929-346C0BF48EAF}.Release|iPhoneSimulator.Deploy.0 = Release|Any CPU
	EndGlobalSection
	GlobalSection(SolutionProperties) = preSolution
		HideSolutionNode = FALSE
	EndGlobalSection
	GlobalSection(ExtensibilityGlobals) = postSolution
		SolutionGuid = {50F47CA6-0865-4802-96C5-9CBA7E13EF78}
	EndGlobalSection
EndGlobal
